
Microsoft Visual Studio Solution File, Format Version 12.00
# Visual Studio Version 16
VisualStudioVersion = 16.0.32002.261
MinimumVisualStudioVersion = 10.0.40219.1
Project("{9A19103F-16F7-4668-BE54-9A1E7A4F7556}") = "BarAPI", "BarAPI\BarAPI.csproj", "{45A545E9-D33D-4B61-B682-94224A333359}"
EndProject
Project("{9A19103F-16F7-4668-BE54-9A1E7A4F7556}") = "OrderingService", "OrderingService\OrderingService.csproj", "{C7B3144F-F32A-4094-8720-909300D1CD03}"
EndProject
Project("{9A19103F-16F7-4668-BE54-9A1E7A4F7556}") = "EnqueueCompleteOrderCommandApp", "EnqueueCompleteOrderCommandApp\EnqueueCompleteOrderCommandApp.csproj", "{0625C645-E362-483B-AD2C-884DC48E1BBA}"
EndProject
Project("{9A19103F-16F7-4668-BE54-9A1E7A4F7556}") = "DataAccess", "DataAccess\DataAccess.csproj", "{C7322E06-A4DE-47DD-BBD5-7F3D4A729C69}"
EndProject
Project("{FAE04EC0-301F-11D3-BF4B-00C04F79EFBC}") = "OrderTimeOutService", "OrderTimeOutService\OrderTimeOutService.csproj", "{19AF5413-122C-4A11-B6D7-E3A8BDEB8111}"
EndProject
Global
	GlobalSection(SolutionConfigurationPlatforms) = preSolution
		Debug|Any CPU = Debug|Any CPU
		Release|Any CPU = Release|Any CPU
	EndGlobalSection
	GlobalSection(ProjectConfigurationPlatforms) = postSolution
		{45A545E9-D33D-4B61-B682-94224A333359}.Debug|Any CPU.ActiveCfg = Debug|Any CPU
		{45A545E9-D33D-4B61-B682-94224A333359}.Debug|Any CPU.Build.0 = Debug|Any CPU
		{45A545E9-D33D-4B61-B682-94224A333359}.Release|Any CPU.ActiveCfg = Release|Any CPU
		{45A545E9-D33D-4B61-B682-94224A333359}.Release|Any CPU.Build.0 = Release|Any CPU
		{C7B3144F-F32A-4094-8720-909300D1CD03}.Debug|Any CPU.ActiveCfg = Debug|Any CPU
		{C7B3144F-F32A-4094-8720-909300D1CD03}.Debug|Any CPU.Build.0 = Debug|Any CPU
		{C7B3144F-F32A-4094-8720-909300D1CD03}.Release|Any CPU.ActiveCfg = Release|Any CPU
		{C7B3144F-F32A-4094-8720-909300D1CD03}.Release|Any CPU.Build.0 = Release|Any CPU
		{0625C645-E362-483B-AD2C-884DC48E1BBA}.Debug|Any CPU.ActiveCfg = Debug|Any CPU
		{0625C645-E362-483B-AD2C-884DC48E1BBA}.Debug|Any CPU.Build.0 = Debug|Any CPU
		{0625C645-E362-483B-AD2C-884DC48E1BBA}.Release|Any CPU.ActiveCfg = Release|Any CPU
		{0625C645-E362-483B-AD2C-884DC48E1BBA}.Release|Any CPU.Build.0 = Release|Any CPU
		{C7322E06-A4DE-47DD-BBD5-7F3D4A729C69}.Debug|Any CPU.ActiveCfg = Debug|Any CPU
		{C7322E06-A4DE-47DD-BBD5-7F3D4A729C69}.Debug|Any CPU.Build.0 = Debug|Any CPU
		{C7322E06-A4DE-47DD-BBD5-7F3D4A729C69}.Release|Any CPU.ActiveCfg = Release|Any CPU
		{C7322E06-A4DE-47DD-BBD5-7F3D4A729C69}.Release|Any CPU.Build.0 = Release|Any CPU
		{19AF5413-122C-4A11-B6D7-E3A8BDEB8111}.Debug|Any CPU.ActiveCfg = Debug|Any CPU
		{19AF5413-122C-4A11-B6D7-E3A8BDEB8111}.Debug|Any CPU.Build.0 = Debug|Any CPU
		{19AF5413-122C-4A11-B6D7-E3A8BDEB8111}.Release|Any CPU.ActiveCfg = Release|Any CPU
		{19AF5413-122C-4A11-B6D7-E3A8BDEB8111}.Release|Any CPU.Build.0 = Release|Any CPU
	EndGlobalSection
	GlobalSection(SolutionProperties) = preSolution
		HideSolutionNode = FALSE
	EndGlobalSection
	GlobalSection(ExtensibilityGlobals) = postSolution
		SolutionGuid = {E8E231EA-227B-4E47-969E-F6A54CE947C8}
	EndGlobalSection
EndGlobal
